
Microsoft Visual Studio Solution File, Format Version 12.00
# Visual Studio Version 17
VisualStudioVersion = 17.11.35312.102
MinimumVisualStudioVersion = 10.0.40219.1
Project("{FAE04EC0-301F-11D3-BF4B-00C04F79EFBC}") = "TechnicalSupport", "TechnicalSupport\TechnicalSupport.csproj", "{8F6AD625-41B0-4287-8CF7-D4E5B5856EE0}"
	ProjectSection(ProjectDependencies) = postProject
		{9FA47D54-B8EB-48D0-B0F4-20395A36626D} = {9FA47D54-B8EB-48D0-B0F4-20395A36626D}
	EndProjectSection
EndProject
Project("{FAE04EC0-301F-11D3-BF4B-00C04F79EFBC}") = "DataAccessLayer", "DataAccessLayer\DataAccessLayer.csproj", "{9FA47D54-B8EB-48D0-B0F4-20395A36626D}"
EndProject
Project("{FAE04EC0-301F-11D3-BF4B-00C04F79EFBC}") = "Domain", "Domain\Domain.csproj", "{520DE763-20ED-4263-9912-87C2D4B27395}"
EndProject
Project("{FAE04EC0-301F-11D3-BF4B-00C04F79EFBC}") = "Shared", "Shared\Shared.csproj", "{E2522874-5668-4BDB-8DF6-307B46A70B38}"
EndProject
Project("{FAE04EC0-301F-11D3-BF4B-00C04F79EFBC}") = "DataAccessLayerInit", "DataAccessLayerInit\DataAccessLayerInit.csproj", "{FBD7DF3F-6029-4147-8240-46FF0FA70532}"
EndProject
Global
	GlobalSection(SolutionConfigurationPlatforms) = preSolution
		Debug|Any CPU = Debug|Any CPU
		Release|Any CPU = Release|Any CPU
	EndGlobalSection
	GlobalSection(ProjectConfigurationPlatforms) = postSolution
		{8F6AD625-41B0-4287-8CF7-D4E5B5856EE0}.Debug|Any CPU.ActiveCfg = Debug|Any CPU
		{8F6AD625-41B0-4287-8CF7-D4E5B5856EE0}.Debug|Any CPU.Build.0 = Debug|Any CPU
		{8F6AD625-41B0-4287-8CF7-D4E5B5856EE0}.Release|Any CPU.ActiveCfg = Release|Any CPU
		{8F6AD625-41B0-4287-8CF7-D4E5B5856EE0}.Release|Any CPU.Build.0 = Release|Any CPU
		{9FA47D54-B8EB-48D0-B0F4-20395A36626D}.Debug|Any CPU.ActiveCfg = Debug|Any CPU
		{9FA47D54-B8EB-48D0-B0F4-20395A36626D}.Debug|Any CPU.Build.0 = Debug|Any CPU
		{9FA47D54-B8EB-48D0-B0F4-20395A36626D}.Release|Any CPU.ActiveCfg = Release|Any CPU
		{9FA47D54-B8EB-48D0-B0F4-20395A36626D}.Release|Any CPU.Build.0 = Release|Any CPU
		{520DE763-20ED-4263-9912-87C2D4B27395}.Debug|Any CPU.ActiveCfg = Debug|Any CPU
		{520DE763-20ED-4263-9912-87C2D4B27395}.Debug|Any CPU.Build.0 = Debug|Any CPU
		{520DE763-20ED-4263-9912-87C2D4B27395}.Release|Any CPU.ActiveCfg = Release|Any CPU
		{520DE763-20ED-4263-9912-87C2D4B27395}.Release|Any CPU.Build.0 = Release|Any CPU
		{E2522874-5668-4BDB-8DF6-307B46A70B38}.Debug|Any CPU.ActiveCfg = Debug|Any CPU
		{E2522874-5668-4BDB-8DF6-307B46A70B38}.Debug|Any CPU.Build.0 = Debug|Any CPU
		{E2522874-5668-4BDB-8DF6-307B46A70B38}.Release|Any CPU.ActiveCfg = Release|Any CPU
		{E2522874-5668-4BDB-8DF6-307B46A70B38}.Release|Any CPU.Build.0 = Release|Any CPU
		{FBD7DF3F-6029-4147-8240-46FF0FA70532}.Debug|Any CPU.ActiveCfg = Debug|Any CPU
		{FBD7DF3F-6029-4147-8240-46FF0FA70532}.Debug|Any CPU.Build.0 = Debug|Any CPU
		{FBD7DF3F-6029-4147-8240-46FF0FA70532}.Release|Any CPU.ActiveCfg = Release|Any CPU
		{FBD7DF3F-6029-4147-8240-46FF0FA70532}.Release|Any CPU.Build.0 = Release|Any CPU
	EndGlobalSection
	GlobalSection(SolutionProperties) = preSolution
		HideSolutionNode = FALSE
	EndGlobalSection
	GlobalSection(ExtensibilityGlobals) = postSolution
		SolutionGuid = {6A51BE3E-B04C-46CA-9D2B-0E25A777F380}
	EndGlobalSection
EndGlobal
